
Microsoft Visual Studio Solution File, Format Version 12.00
# Visual Studio Version 17
VisualStudioVersion = 17.0.31903.59
MinimumVisualStudioVersion = 10.0.40219.1
Project("{2150E333-8FDC-42A3-9474-1A3956D46DE8}") = "src", "src", "{F76D9513-D558-42CB-AE77-3695682486A5}"
EndProject
Project("{FAE04EC0-301F-11D3-BF4B-00C04F79EFBC}") = "AuctionService", "src\AuctionService\AuctionService.csproj", "{38C44E5E-8310-422B-AA18-54BFABA4C6D4}"
EndProject
Project("{FAE04EC0-301F-11D3-BF4B-00C04F79EFBC}") = "SearchService", "src\SearchService\SearchService.csproj", "{65FBAF81-BB83-4FFD-8076-62BEA523A755}"
EndProject
Project("{FAE04EC0-301F-11D3-BF4B-00C04F79EFBC}") = "Contracts", "src\Contracts\Contracts.csproj", "{30160DE9-3055-47B0-A1E0-D07614227779}"
EndProject
Global
	GlobalSection(SolutionConfigurationPlatforms) = preSolution
		Debug|Any CPU = Debug|Any CPU
		Release|Any CPU = Release|Any CPU
	EndGlobalSection
	GlobalSection(SolutionProperties) = preSolution
		HideSolutionNode = FALSE
	EndGlobalSection
	GlobalSection(ProjectConfigurationPlatforms) = postSolution
		{38C44E5E-8310-422B-AA18-54BFABA4C6D4}.Debug|Any CPU.ActiveCfg = Debug|Any CPU
		{38C44E5E-8310-422B-AA18-54BFABA4C6D4}.Debug|Any CPU.Build.0 = Debug|Any CPU
		{38C44E5E-8310-422B-AA18-54BFABA4C6D4}.Release|Any CPU.ActiveCfg = Release|Any CPU
		{38C44E5E-8310-422B-AA18-54BFABA4C6D4}.Release|Any CPU.Build.0 = Release|Any CPU
		{65FBAF81-BB83-4FFD-8076-62BEA523A755}.Debug|Any CPU.ActiveCfg = Debug|Any CPU
		{65FBAF81-BB83-4FFD-8076-62BEA523A755}.Debug|Any CPU.Build.0 = Debug|Any CPU
		{65FBAF81-BB83-4FFD-8076-62BEA523A755}.Release|Any CPU.ActiveCfg = Release|Any CPU
		{65FBAF81-BB83-4FFD-8076-62BEA523A755}.Release|Any CPU.Build.0 = Release|Any CPU
		{30160DE9-3055-47B0-A1E0-D07614227779}.Debug|Any CPU.ActiveCfg = Debug|Any CPU
		{30160DE9-3055-47B0-A1E0-D07614227779}.Debug|Any CPU.Build.0 = Debug|Any CPU
		{30160DE9-3055-47B0-A1E0-D07614227779}.Release|Any CPU.ActiveCfg = Release|Any CPU
		{30160DE9-3055-47B0-A1E0-D07614227779}.Release|Any CPU.Build.0 = Release|Any CPU
	EndGlobalSection
	GlobalSection(NestedProjects) = preSolution
		{38C44E5E-8310-422B-AA18-54BFABA4C6D4} = {F76D9513-D558-42CB-AE77-3695682486A5}
		{65FBAF81-BB83-4FFD-8076-62BEA523A755} = {F76D9513-D558-42CB-AE77-3695682486A5}
		{30160DE9-3055-47B0-A1E0-D07614227779} = {F76D9513-D558-42CB-AE77-3695682486A5}
	EndGlobalSection
EndGlobal
